
Microsoft Visual Studio Solution File, Format Version 12.00
# Visual Studio Version 16
VisualStudioVersion = 16.0.30717.126
MinimumVisualStudioVersion = 10.0.40219.1
Project("{FAE04EC0-301F-11D3-BF4B-00C04F79EFBC}") = "poc_aspnetcore_mvc", "poc_aspnetcore_mvc\poc_aspnetcore_mvc.csproj", "{9BAF6BA1-EB8F-469A-84BE-6589C591C0AE}"
EndProject
Global
	GlobalSection(SolutionConfigurationPlatforms) = preSolution
		Debug|Any CPU = Debug|Any CPU
		Release|Any CPU = Release|Any CPU
	EndGlobalSection
	GlobalSection(ProjectConfigurationPlatforms) = postSolution
		{9BAF6BA1-EB8F-469A-84BE-6589C591C0AE}.Debug|Any CPU.ActiveCfg = Debug|Any CPU
		{9BAF6BA1-EB8F-469A-84BE-6589C591C0AE}.Debug|Any CPU.Build.0 = Debug|Any CPU
		{9BAF6BA1-EB8F-469A-84BE-6589C591C0AE}.Release|Any CPU.ActiveCfg = Release|Any CPU
		{9BAF6BA1-EB8F-469A-84BE-6589C591C0AE}.Release|Any CPU.Build.0 = Release|Any CPU
	EndGlobalSection
	GlobalSection(SolutionProperties) = preSolution
		HideSolutionNode = FALSE
	EndGlobalSection
	GlobalSection(ExtensibilityGlobals) = postSolution
		SolutionGuid = {32CD71F0-BF72-40B2-87B8-DF448E77AB23}
	EndGlobalSection
EndGlobal
